{
  "name": "server",
  "lockfileVersion": 3,
  "requires": true,
  "packages": {
    "": {
      "dependencies": {
        "oui": "^13.1.7"
      }
    },
    "node_modules/oui": {
      "version": "13.1.7",
      "resolved": "https://registry.npmjs.org/oui/-/oui-13.1.7.tgz",
      "integrity": "sha512-XasYOOjjsyjl7QCLq6dsIBpHwQ0utZTkTic+b/DdExtC8od8lhA91hrgqW6cmDR/jBSI1vYPAFP2kAbXs8WZ9A==",
      "license": "BSD-2-Clause",
      "dependencies": {
        "oui-data": "^1.1.571"
      },
      "bin": {
        "oui": "dist/index.js"
      }
    },
    "node_modules/oui-data": {
      "version": "1.1.571",
      "resolved": "https://registry.npmjs.org/oui-data/-/oui-data-1.1.571.tgz",
      "integrity": "sha512-T/GAmPkG5lfR14DrvHc7/TCw3kIjZVkLKmegkxP94qIQsObBtJExmozW1TuAaYU8uftuOYVyJxoGM+xg18e2TQ==",
      "license": "BSD-2-Clause"
    }
  }
}
